
Microsoft Visual Studio Solution File, Format Version 12.00
# Visual Studio Version 17
VisualStudioVersion = 17.9.34607.119
MinimumVisualStudioVersion = 10.0.40219.1
Project("{8BC9CEB8-8B4A-11D0-8D11-00A0C91BC942}") = "Project2.2.1", "Project2.2.1.vcxproj", "{1ACFF52A-A5B1-479A-9A91-96365CC83043}"
EndProject
Global
	GlobalSection(SolutionConfigurationPlatforms) = preSolution
		Debug|x64 = Debug|x64
		Debug|x86 = Debug|x86
		Release|x64 = Release|x64
		Release|x86 = Release|x86
	EndGlobalSection
	GlobalSection(ProjectConfigurationPlatforms) = postSolution
		{1ACFF52A-A5B1-479A-9A91-96365CC83043}.Debug|x64.ActiveCfg = Debug|x64
		{1ACFF52A-A5B1-479A-9A91-96365CC83043}.Debug|x64.Build.0 = Debug|x64
		{1ACFF52A-A5B1-479A-9A91-96365CC83043}.Debug|x86.ActiveCfg = Debug|Win32
		{1ACFF52A-A5B1-479A-9A91-96365CC83043}.Debug|x86.Build.0 = Debug|Win32
		{1ACFF52A-A5B1-479A-9A91-96365CC83043}.Release|x64.ActiveCfg = Release|x64
		{1ACFF52A-A5B1-479A-9A91-96365CC83043}.Release|x64.Build.0 = Release|x64
		{1ACFF52A-A5B1-479A-9A91-96365CC83043}.Release|x86.ActiveCfg = Release|Win32
		{1ACFF52A-A5B1-479A-9A91-96365CC83043}.Release|x86.Build.0 = Release|Win32
	EndGlobalSection
	GlobalSection(SolutionProperties) = preSolution
		HideSolutionNode = FALSE
	EndGlobalSection
	GlobalSection(ExtensibilityGlobals) = postSolution
		SolutionGuid = {A7AFBF48-F9DC-4E7C-855E-3925D8C0E9DC}
	EndGlobalSection
EndGlobal
