
Microsoft Visual Studio Solution File, Format Version 12.00
# Visual Studio Version 17
VisualStudioVersion = 17.9.34607.119
MinimumVisualStudioVersion = 10.0.40219.1
Project("{8BC9CEB8-8B4A-11D0-8D11-00A0C91BC942}") = "Project2.3", "Project2.3.vcxproj", "{7E6F36B5-9C03-4973-8450-A1FD4548BE53}"
EndProject
Global
	GlobalSection(SolutionConfigurationPlatforms) = preSolution
		Debug|x64 = Debug|x64
		Debug|x86 = Debug|x86
		Release|x64 = Release|x64
		Release|x86 = Release|x86
	EndGlobalSection
	GlobalSection(ProjectConfigurationPlatforms) = postSolution
		{7E6F36B5-9C03-4973-8450-A1FD4548BE53}.Debug|x64.ActiveCfg = Debug|x64
		{7E6F36B5-9C03-4973-8450-A1FD4548BE53}.Debug|x64.Build.0 = Debug|x64
		{7E6F36B5-9C03-4973-8450-A1FD4548BE53}.Debug|x86.ActiveCfg = Debug|Win32
		{7E6F36B5-9C03-4973-8450-A1FD4548BE53}.Debug|x86.Build.0 = Debug|Win32
		{7E6F36B5-9C03-4973-8450-A1FD4548BE53}.Release|x64.ActiveCfg = Release|x64
		{7E6F36B5-9C03-4973-8450-A1FD4548BE53}.Release|x64.Build.0 = Release|x64
		{7E6F36B5-9C03-4973-8450-A1FD4548BE53}.Release|x86.ActiveCfg = Release|Win32
		{7E6F36B5-9C03-4973-8450-A1FD4548BE53}.Release|x86.Build.0 = Release|Win32
	EndGlobalSection
	GlobalSection(SolutionProperties) = preSolution
		HideSolutionNode = FALSE
	EndGlobalSection
	GlobalSection(ExtensibilityGlobals) = postSolution
		SolutionGuid = {C992DA75-34A8-42C7-8370-943A9CFF7397}
	EndGlobalSection
EndGlobal
